
Microsoft Visual Studio Solution File, Format Version 12.00
# Visual Studio 15
VisualStudioVersion = 15.0.28010.2048
MinimumVisualStudioVersion = 10.0.40219.1
Project("{FAE04EC0-301F-11D3-BF4B-00C04F79EFBC}") = "Employees.Core", "Employees.Core\Employees.Core.csproj", "{ED0C500D-D248-4808-858E-BB93D3D1DBD4}"
EndProject
Project("{FAE04EC0-301F-11D3-BF4B-00C04F79EFBC}") = "Employees.ConsoleTest", "Employees.ConsoleTest\Employees.ConsoleTest.csproj", "{AB4A60BE-5AB5-44A5-9340-3EFBF995E874}"
EndProject
Global
	GlobalSection(SolutionConfigurationPlatforms) = preSolution
		Debug|Any CPU = Debug|Any CPU
		Release|Any CPU = Release|Any CPU
	EndGlobalSection
	GlobalSection(ProjectConfigurationPlatforms) = postSolution
		{ED0C500D-D248-4808-858E-BB93D3D1DBD4}.Debug|Any CPU.ActiveCfg = Debug|Any CPU
		{ED0C500D-D248-4808-858E-BB93D3D1DBD4}.Debug|Any CPU.Build.0 = Debug|Any CPU
		{ED0C500D-D248-4808-858E-BB93D3D1DBD4}.Release|Any CPU.ActiveCfg = Release|Any CPU
		{ED0C500D-D248-4808-858E-BB93D3D1DBD4}.Release|Any CPU.Build.0 = Release|Any CPU
		{AB4A60BE-5AB5-44A5-9340-3EFBF995E874}.Debug|Any CPU.ActiveCfg = Debug|Any CPU
		{AB4A60BE-5AB5-44A5-9340-3EFBF995E874}.Debug|Any CPU.Build.0 = Debug|Any CPU
		{AB4A60BE-5AB5-44A5-9340-3EFBF995E874}.Release|Any CPU.ActiveCfg = Release|Any CPU
		{AB4A60BE-5AB5-44A5-9340-3EFBF995E874}.Release|Any CPU.Build.0 = Release|Any CPU
	EndGlobalSection
	GlobalSection(SolutionProperties) = preSolution
		HideSolutionNode = FALSE
	EndGlobalSection
	GlobalSection(ExtensibilityGlobals) = postSolution
		SolutionGuid = {2F3103E6-07D5-4D1E-9C12-C794D247D608}
	EndGlobalSection
EndGlobal
